
Microsoft Visual Studio Solution File, Format Version 12.00
# Visual Studio Version 17
VisualStudioVersion = 17.5.002.0
MinimumVisualStudioVersion = 10.0.40219.1
Project("{2150E333-8FDC-42A3-9474-1A3956D46DE8}") = "prepare", "prepare", "{6227BBD7-F9FC-4056-90B7-3DE5CE78C56C}"
EndProject
Project("{9A19103F-16F7-4668-BE54-9A1E7A4F7556}") = "Learning02", "prepare\Learning02\Learning02.csproj", "{B807BBF7-A9AF-4AE0-8196-C7C0C6A21773}"
EndProject
Project("{9A19103F-16F7-4668-BE54-9A1E7A4F7556}") = "Learning05", "prepare\Learning05\Learning05.csproj", "{D0C136A5-FF7A-4F99-B551-D52EBBEEAF4B}"
EndProject
Project("{9A19103F-16F7-4668-BE54-9A1E7A4F7556}") = "Learning04", "prepare\Learning04\Learning04.csproj", "{D014CA62-EDF2-45B8-BAC5-C7CDF4759431}"
EndProject
Project("{9A19103F-16F7-4668-BE54-9A1E7A4F7556}") = "Learning03", "prepare\Learning03\Learning03.csproj", "{DD15E0B6-2934-4CBF-85D1-D43B1590E62F}"
EndProject
Project("{2150E333-8FDC-42A3-9474-1A3956D46DE8}") = "prove", "prove", "{CCD3D743-E4CD-457D-A083-2B64E7818087}"
EndProject
Project("{9A19103F-16F7-4668-BE54-9A1E7A4F7556}") = "Develop03", "prove\Develop03\Develop03.csproj", "{A5ECEE52-E930-4B3B-A3C1-861A5BF3784A}"
EndProject
Project("{9A19103F-16F7-4668-BE54-9A1E7A4F7556}") = "Develop04", "prove\Develop04\Develop04.csproj", "{8B6868D4-E1B5-44DE-B804-4A557E182A62}"
EndProject
Project("{9A19103F-16F7-4668-BE54-9A1E7A4F7556}") = "Develop05", "prove\Develop05\Develop05.csproj", "{E677AE07-8759-4EB6-995E-AAF8992E074F}"
EndProject
Project("{9A19103F-16F7-4668-BE54-9A1E7A4F7556}") = "Develop02", "prove\Develop02\Develop02.csproj", "{4E563B1B-868E-4689-B8F5-69FA7FFC9C25}"
EndProject
Project("{2150E333-8FDC-42A3-9474-1A3956D46DE8}") = "sandbox", "sandbox", "{21E34DE5-30A5-48D5-BCC6-0E84562313C6}"
EndProject
Project("{9A19103F-16F7-4668-BE54-9A1E7A4F7556}") = "Sandbox", "sandbox\Sandbox\Sandbox.csproj", "{EFB54E72-9DAF-49D5-A39D-760AB74B1A8F}"
EndProject
Project("{2150E333-8FDC-42A3-9474-1A3956D46DE8}") = "final", "final", "{160DAD71-ED3A-4392-83FA-CB019F3DC02C}"
EndProject
Project("{9A19103F-16F7-4668-BE54-9A1E7A4F7556}") = "FinalProject", "final\FinalProject\FinalProject.csproj", "{7824D750-E0F0-455E-91A6-A95A03A85568}"
EndProject
Project("{9A19103F-16F7-4668-BE54-9A1E7A4F7556}") = "Foundation1", "final\Foundation1\Foundation1.csproj", "{7F4E4605-7E69-4B9A-A210-CA37C509139C}"
EndProject
Project("{9A19103F-16F7-4668-BE54-9A1E7A4F7556}") = "Foundation4", "final\Foundation4\Foundation4.csproj", "{950AC5AA-F202-49AC-BBD9-CF457155A0C9}"
EndProject
Project("{9A19103F-16F7-4668-BE54-9A1E7A4F7556}") = "Foundation3", "final\Foundation3\Foundation3.csproj", "{75E1E4A7-9463-4F58-BA6B-1262E8474A76}"
EndProject
Project("{9A19103F-16F7-4668-BE54-9A1E7A4F7556}") = "Foundation2", "final\Foundation2\Foundation2.csproj", "{E497C298-E751-4B72-8C21-7CF8ACC3ACA9}"
EndProject
Project("{2150E333-8FDC-42A3-9474-1A3956D46DE8}") = "csharp-prep", "csharp-prep", "{1834F397-E7DE-4540-86C8-C4604E69215B}"
EndProject
Project("{9A19103F-16F7-4668-BE54-9A1E7A4F7556}") = "Prep1", "csharp-prep\Prep1\Prep1.csproj", "{533050FC-039B-4122-9080-F3D67D0DA869}"
EndProject
Project("{9A19103F-16F7-4668-BE54-9A1E7A4F7556}") = "Prep5", "csharp-prep\Prep5\Prep5.csproj", "{1551AD1C-ADF0-4B06-89A7-C77EC66D9849}"
EndProject
Project("{9A19103F-16F7-4668-BE54-9A1E7A4F7556}") = "Prep2", "csharp-prep\Prep2\Prep2.csproj", "{110EB246-812D-45CA-B3E4-53C59E2037FE}"
EndProject
Project("{9A19103F-16F7-4668-BE54-9A1E7A4F7556}") = "Prep3", "csharp-prep\Prep3\Prep3.csproj", "{DE69E573-B04F-4B61-A716-18D4EC7CCDC3}"
EndProject
Project("{9A19103F-16F7-4668-BE54-9A1E7A4F7556}") = "Prep4", "csharp-prep\Prep4\Prep4.csproj", "{C3C70080-D3BF-4128-A90B-BCBA6F812CBA}"
EndProject
Global
	GlobalSection(SolutionConfigurationPlatforms) = preSolution
		Debug|Any CPU = Debug|Any CPU
		Release|Any CPU = Release|Any CPU
	EndGlobalSection
	GlobalSection(ProjectConfigurationPlatforms) = postSolution
		{B807BBF7-A9AF-4AE0-8196-C7C0C6A21773}.Debug|Any CPU.ActiveCfg = Debug|Any CPU
		{B807BBF7-A9AF-4AE0-8196-C7C0C6A21773}.Debug|Any CPU.Build.0 = Debug|Any CPU
		{B807BBF7-A9AF-4AE0-8196-C7C0C6A21773}.Release|Any CPU.ActiveCfg = Release|Any CPU
		{B807BBF7-A9AF-4AE0-8196-C7C0C6A21773}.Release|Any CPU.Build.0 = Release|Any CPU
		{D0C136A5-FF7A-4F99-B551-D52EBBEEAF4B}.Debug|Any CPU.ActiveCfg = Debug|Any CPU
		{D0C136A5-FF7A-4F99-B551-D52EBBEEAF4B}.Debug|Any CPU.Build.0 = Debug|Any CPU
		{D0C136A5-FF7A-4F99-B551-D52EBBEEAF4B}.Release|Any CPU.ActiveCfg = Release|Any CPU
		{D0C136A5-FF7A-4F99-B551-D52EBBEEAF4B}.Release|Any CPU.Build.0 = Release|Any CPU
		{D014CA62-EDF2-45B8-BAC5-C7CDF4759431}.Debug|Any CPU.ActiveCfg = Debug|Any CPU
		{D014CA62-EDF2-45B8-BAC5-C7CDF4759431}.Debug|Any CPU.Build.0 = Debug|Any CPU
		{D014CA62-EDF2-45B8-BAC5-C7CDF4759431}.Release|Any CPU.ActiveCfg = Release|Any CPU
		{D014CA62-EDF2-45B8-BAC5-C7CDF4759431}.Release|Any CPU.Build.0 = Release|Any CPU
		{DD15E0B6-2934-4CBF-85D1-D43B1590E62F}.Debug|Any CPU.ActiveCfg = Debug|Any CPU
		{DD15E0B6-2934-4CBF-85D1-D43B1590E62F}.Debug|Any CPU.Build.0 = Debug|Any CPU
		{DD15E0B6-2934-4CBF-85D1-D43B1590E62F}.Release|Any CPU.ActiveCfg = Release|Any CPU
		{DD15E0B6-2934-4CBF-85D1-D43B1590E62F}.Release|Any CPU.Build.0 = Release|Any CPU
		{A5ECEE52-E930-4B3B-A3C1-861A5BF3784A}.Debug|Any CPU.ActiveCfg = Debug|Any CPU
		{A5ECEE52-E930-4B3B-A3C1-861A5BF3784A}.Debug|Any CPU.Build.0 = Debug|Any CPU
		{A5ECEE52-E930-4B3B-A3C1-861A5BF3784A}.Release|Any CPU.ActiveCfg = Release|Any CPU
		{A5ECEE52-E930-4B3B-A3C1-861A5BF3784A}.Release|Any CPU.Build.0 = Release|Any CPU
		{8B6868D4-E1B5-44DE-B804-4A557E182A62}.Debug|Any CPU.ActiveCfg = Debug|Any CPU
		{8B6868D4-E1B5-44DE-B804-4A557E182A62}.Debug|Any CPU.Build.0 = Debug|Any CPU
		{8B6868D4-E1B5-44DE-B804-4A557E182A62}.Release|Any CPU.ActiveCfg = Release|Any CPU
		{8B6868D4-E1B5-44DE-B804-4A557E182A62}.Release|Any CPU.Build.0 = Release|Any CPU
		{E677AE07-8759-4EB6-995E-AAF8992E074F}.Debug|Any CPU.ActiveCfg = Debug|Any CPU
		{E677AE07-8759-4EB6-995E-AAF8992E074F}.Debug|Any CPU.Build.0 = Debug|Any CPU
		{E677AE07-8759-4EB6-995E-AAF8992E074F}.Release|Any CPU.ActiveCfg = Release|Any CPU
		{E677AE07-8759-4EB6-995E-AAF8992E074F}.Release|Any CPU.Build.0 = Release|Any CPU
		{4E563B1B-868E-4689-B8F5-69FA7FFC9C25}.Debug|Any CPU.ActiveCfg = Debug|Any CPU
		{4E563B1B-868E-4689-B8F5-69FA7FFC9C25}.Debug|Any CPU.Build.0 = Debug|Any CPU
		{4E563B1B-868E-4689-B8F5-69FA7FFC9C25}.Release|Any CPU.ActiveCfg = Release|Any CPU
		{4E563B1B-868E-4689-B8F5-69FA7FFC9C25}.Release|Any CPU.Build.0 = Release|Any CPU
		{EFB54E72-9DAF-49D5-A39D-760AB74B1A8F}.Debug|Any CPU.ActiveCfg = Debug|Any CPU
		{EFB54E72-9DAF-49D5-A39D-760AB74B1A8F}.Debug|Any CPU.Build.0 = Debug|Any CPU
		{EFB54E72-9DAF-49D5-A39D-760AB74B1A8F}.Release|Any CPU.ActiveCfg = Release|Any CPU
		{EFB54E72-9DAF-49D5-A39D-760AB74B1A8F}.Release|Any CPU.Build.0 = Release|Any CPU
		{7824D750-E0F0-455E-91A6-A95A03A85568}.Debug|Any CPU.ActiveCfg = Debug|Any CPU
		{7824D750-E0F0-455E-91A6-A95A03A85568}.Debug|Any CPU.Build.0 = Debug|Any CPU
		{7824D750-E0F0-455E-91A6-A95A03A85568}.Release|Any CPU.ActiveCfg = Release|Any CPU
		{7824D750-E0F0-455E-91A6-A95A03A85568}.Release|Any CPU.Build.0 = Release|Any CPU
		{7F4E4605-7E69-4B9A-A210-CA37C509139C}.Debug|Any CPU.ActiveCfg = Debug|Any CPU
		{7F4E4605-7E69-4B9A-A210-CA37C509139C}.Debug|Any CPU.Build.0 = Debug|Any CPU
		{7F4E4605-7E69-4B9A-A210-CA37C509139C}.Release|Any CPU.ActiveCfg = Release|Any CPU
		{7F4E4605-7E69-4B9A-A210-CA37C509139C}.Release|Any CPU.Build.0 = Release|Any CPU
		{950AC5AA-F202-49AC-BBD9-CF457155A0C9}.Debug|Any CPU.ActiveCfg = Debug|Any CPU
		{950AC5AA-F202-49AC-BBD9-CF457155A0C9}.Debug|Any CPU.Build.0 = Debug|Any CPU
		{950AC5AA-F202-49AC-BBD9-CF457155A0C9}.Release|Any CPU.ActiveCfg = Release|Any CPU
		{950AC5AA-F202-49AC-BBD9-CF457155A0C9}.Release|Any CPU.Build.0 = Release|Any CPU
		{75E1E4A7-9463-4F58-BA6B-1262E8474A76}.Debug|Any CPU.ActiveCfg = Debug|Any CPU
		{75E1E4A7-9463-4F58-BA6B-1262E8474A76}.Debug|Any CPU.Build.0 = Debug|Any CPU
		{75E1E4A7-9463-4F58-BA6B-1262E8474A76}.Release|Any CPU.ActiveCfg = Release|Any CPU
		{75E1E4A7-9463-4F58-BA6B-1262E8474A76}.Release|Any CPU.Build.0 = Release|Any CPU
		{E497C298-E751-4B72-8C21-7CF8ACC3ACA9}.Debug|Any CPU.ActiveCfg = Debug|Any CPU
		{E497C298-E751-4B72-8C21-7CF8ACC3ACA9}.Debug|Any CPU.Build.0 = Debug|Any CPU
		{E497C298-E751-4B72-8C21-7CF8ACC3ACA9}.Release|Any CPU.ActiveCfg = Release|Any CPU
		{E497C298-E751-4B72-8C21-7CF8ACC3ACA9}.Release|Any CPU.Build.0 = Release|Any CPU
		{533050FC-039B-4122-9080-F3D67D0DA869}.Debug|Any CPU.ActiveCfg = Debug|Any CPU
		{533050FC-039B-4122-9080-F3D67D0DA869}.Debug|Any CPU.Build.0 = Debug|Any CPU
		{533050FC-039B-4122-9080-F3D67D0DA869}.Release|Any CPU.ActiveCfg = Release|Any CPU
		{533050FC-039B-4122-9080-F3D67D0DA869}.Release|Any CPU.Build.0 = Release|Any CPU
		{1551AD1C-ADF0-4B06-89A7-C77EC66D9849}.Debug|Any CPU.ActiveCfg = Debug|Any CPU
		{1551AD1C-ADF0-4B06-89A7-C77EC66D9849}.Debug|Any CPU.Build.0 = Debug|Any CPU
		{1551AD1C-ADF0-4B06-89A7-C77EC66D9849}.Release|Any CPU.ActiveCfg = Release|Any CPU
		{1551AD1C-ADF0-4B06-89A7-C77EC66D9849}.Release|Any CPU.Build.0 = Release|Any CPU
		{110EB246-812D-45CA-B3E4-53C59E2037FE}.Debug|Any CPU.ActiveCfg = Debug|Any CPU
		{110EB246-812D-45CA-B3E4-53C59E2037FE}.Debug|Any CPU.Build.0 = Debug|Any CPU
		{110EB246-812D-45CA-B3E4-53C59E2037FE}.Release|Any CPU.ActiveCfg = Release|Any CPU
		{110EB246-812D-45CA-B3E4-53C59E2037FE}.Release|Any CPU.Build.0 = Release|Any CPU
		{DE69E573-B04F-4B61-A716-18D4EC7CCDC3}.Debug|Any CPU.ActiveCfg = Debug|Any CPU
		{DE69E573-B04F-4B61-A716-18D4EC7CCDC3}.Debug|Any CPU.Build.0 = Debug|Any CPU
		{DE69E573-B04F-4B61-A716-18D4EC7CCDC3}.Release|Any CPU.ActiveCfg = Release|Any CPU
		{DE69E573-B04F-4B61-A716-18D4EC7CCDC3}.Release|Any CPU.Build.0 = Release|Any CPU
		{C3C70080-D3BF-4128-A90B-BCBA6F812CBA}.Debug|Any CPU.ActiveCfg = Debug|Any CPU
		{C3C70080-D3BF-4128-A90B-BCBA6F812CBA}.Debug|Any CPU.Build.0 = Debug|Any CPU
		{C3C70080-D3BF-4128-A90B-BCBA6F812CBA}.Release|Any CPU.ActiveCfg = Release|Any CPU
		{C3C70080-D3BF-4128-A90B-BCBA6F812CBA}.Release|Any CPU.Build.0 = Release|Any CPU
	EndGlobalSection
	GlobalSection(SolutionProperties) = preSolution
		HideSolutionNode = FALSE
	EndGlobalSection
	GlobalSection(NestedProjects) = preSolution
		{B807BBF7-A9AF-4AE0-8196-C7C0C6A21773} = {6227BBD7-F9FC-4056-90B7-3DE5CE78C56C}
		{D0C136A5-FF7A-4F99-B551-D52EBBEEAF4B} = {6227BBD7-F9FC-4056-90B7-3DE5CE78C56C}
		{D014CA62-EDF2-45B8-BAC5-C7CDF4759431} = {6227BBD7-F9FC-4056-90B7-3DE5CE78C56C}
		{DD15E0B6-2934-4CBF-85D1-D43B1590E62F} = {6227BBD7-F9FC-4056-90B7-3DE5CE78C56C}
		{A5ECEE52-E930-4B3B-A3C1-861A5BF3784A} = {CCD3D743-E4CD-457D-A083-2B64E7818087}
		{8B6868D4-E1B5-44DE-B804-4A557E182A62} = {CCD3D743-E4CD-457D-A083-2B64E7818087}
		{E677AE07-8759-4EB6-995E-AAF8992E074F} = {CCD3D743-E4CD-457D-A083-2B64E7818087}
		{4E563B1B-868E-4689-B8F5-69FA7FFC9C25} = {CCD3D743-E4CD-457D-A083-2B64E7818087}
		{EFB54E72-9DAF-49D5-A39D-760AB74B1A8F} = {21E34DE5-30A5-48D5-BCC6-0E84562313C6}
		{7824D750-E0F0-455E-91A6-A95A03A85568} = {160DAD71-ED3A-4392-83FA-CB019F3DC02C}
		{7F4E4605-7E69-4B9A-A210-CA37C509139C} = {160DAD71-ED3A-4392-83FA-CB019F3DC02C}
		{950AC5AA-F202-49AC-BBD9-CF457155A0C9} = {160DAD71-ED3A-4392-83FA-CB019F3DC02C}
		{75E1E4A7-9463-4F58-BA6B-1262E8474A76} = {160DAD71-ED3A-4392-83FA-CB019F3DC02C}
		{E497C298-E751-4B72-8C21-7CF8ACC3ACA9} = {160DAD71-ED3A-4392-83FA-CB019F3DC02C}
		{533050FC-039B-4122-9080-F3D67D0DA869} = {1834F397-E7DE-4540-86C8-C4604E69215B}
		{1551AD1C-ADF0-4B06-89A7-C77EC66D9849} = {1834F397-E7DE-4540-86C8-C4604E69215B}
		{110EB246-812D-45CA-B3E4-53C59E2037FE} = {1834F397-E7DE-4540-86C8-C4604E69215B}
		{DE69E573-B04F-4B61-A716-18D4EC7CCDC3} = {1834F397-E7DE-4540-86C8-C4604E69215B}
		{C3C70080-D3BF-4128-A90B-BCBA6F812CBA} = {1834F397-E7DE-4540-86C8-C4604E69215B}
	EndGlobalSection
	GlobalSection(ExtensibilityGlobals) = postSolution
		SolutionGuid = {C757426D-24A8-45D7-951D-37D0329CEAA3}
	EndGlobalSection
EndGlobal
